
Microsoft Visual Studio Solution File, Format Version 12.00
# Visual Studio Version 17
VisualStudioVersion = 17.7.34024.191
MinimumVisualStudioVersion = 10.0.40219.1
Project("{FAE04EC0-301F-11D3-BF4B-00C04F79EFBC}") = "Green", "Green\Green.csproj", "{767BCBCF-42FF-44AC-B856-BFEA914AA8E1}"
EndProject
Global
	GlobalSection(SolutionConfigurationPlatforms) = preSolution
		Debug|Any CPU = Debug|Any CPU
		Release|Any CPU = Release|Any CPU
	EndGlobalSection
	GlobalSection(ProjectConfigurationPlatforms) = postSolution
		{767BCBCF-42FF-44AC-B856-BFEA914AA8E1}.Debug|Any CPU.ActiveCfg = Debug|Any CPU
		{767BCBCF-42FF-44AC-B856-BFEA914AA8E1}.Debug|Any CPU.Build.0 = Debug|Any CPU
		{767BCBCF-42FF-44AC-B856-BFEA914AA8E1}.Release|Any CPU.ActiveCfg = Release|Any CPU
		{767BCBCF-42FF-44AC-B856-BFEA914AA8E1}.Release|Any CPU.Build.0 = Release|Any CPU
	EndGlobalSection
	GlobalSection(SolutionProperties) = preSolution
		HideSolutionNode = FALSE
	EndGlobalSection
	GlobalSection(ExtensibilityGlobals) = postSolution
		SolutionGuid = {7288C7E8-6FAA-4BB0-8D69-B85C8E9D0B80}
	EndGlobalSection
EndGlobal
